
Microsoft Visual Studio Solution File, Format Version 12.00
# Visual Studio Version 17
VisualStudioVersion = 17.9.34701.34
MinimumVisualStudioVersion = 10.0.40219.1
Project("{9A19103F-16F7-4668-BE54-9A1E7A4F7556}") = "DeepSeekUI.Web", "DeepSeekUI.Web.csproj", "{9CC07898-27AA-4247-9F9A-F67E29FBA4BB}"
EndProject
Project("{9A19103F-16F7-4668-BE54-9A1E7A4F7556}") = "DeepSeekUI.Domain", "..\DeepSeekUI.Domain\DeepSeekUI.Domain.csproj", "{04BA0BAD-B3E7-4627-94D8-C7D8A086E852}"
EndProject
Project("{9A19103F-16F7-4668-BE54-9A1E7A4F7556}") = "DeepSeekUI.Application", "..\DeepSeekUI.Application\DeepSeekUI.Application.csproj", "{6D7AE6B5-219F-4671-8375-21CF835FB562}"
EndProject
Project("{9A19103F-16F7-4668-BE54-9A1E7A4F7556}") = "DeepSeekUI.Infrastructure", "..\DeepSeekUI.Infrastructure\DeepSeekUI.Infrastructure.csproj", "{EC4EB85C-5BC1-4721-82DD-6E22593ED29D}"
EndProject
Project("{FAE04EC0-301F-11D3-BF4B-00C04F79EFBC}") = "DeepSeekUI.Application.Tests", "..\DeepSeekUI.Application.Tests\DeepSeekUI.Application.Tests.csproj", "{07929870-0C5D-445F-A651-DD522FF0242C}"
EndProject
Global
	GlobalSection(SolutionConfigurationPlatforms) = preSolution
		Debug|Any CPU = Debug|Any CPU
		Release|Any CPU = Release|Any CPU
	EndGlobalSection
	GlobalSection(ProjectConfigurationPlatforms) = postSolution
		{9CC07898-27AA-4247-9F9A-F67E29FBA4BB}.Debug|Any CPU.ActiveCfg = Debug|Any CPU
		{9CC07898-27AA-4247-9F9A-F67E29FBA4BB}.Debug|Any CPU.Build.0 = Debug|Any CPU
		{9CC07898-27AA-4247-9F9A-F67E29FBA4BB}.Release|Any CPU.ActiveCfg = Release|Any CPU
		{9CC07898-27AA-4247-9F9A-F67E29FBA4BB}.Release|Any CPU.Build.0 = Release|Any CPU
		{04BA0BAD-B3E7-4627-94D8-C7D8A086E852}.Debug|Any CPU.ActiveCfg = Debug|Any CPU
		{04BA0BAD-B3E7-4627-94D8-C7D8A086E852}.Debug|Any CPU.Build.0 = Debug|Any CPU
		{04BA0BAD-B3E7-4627-94D8-C7D8A086E852}.Release|Any CPU.ActiveCfg = Release|Any CPU
		{04BA0BAD-B3E7-4627-94D8-C7D8A086E852}.Release|Any CPU.Build.0 = Release|Any CPU
		{6D7AE6B5-219F-4671-8375-21CF835FB562}.Debug|Any CPU.ActiveCfg = Debug|Any CPU
		{6D7AE6B5-219F-4671-8375-21CF835FB562}.Debug|Any CPU.Build.0 = Debug|Any CPU
		{6D7AE6B5-219F-4671-8375-21CF835FB562}.Release|Any CPU.ActiveCfg = Release|Any CPU
		{6D7AE6B5-219F-4671-8375-21CF835FB562}.Release|Any CPU.Build.0 = Release|Any CPU
		{EC4EB85C-5BC1-4721-82DD-6E22593ED29D}.Debug|Any CPU.ActiveCfg = Debug|Any CPU
		{EC4EB85C-5BC1-4721-82DD-6E22593ED29D}.Debug|Any CPU.Build.0 = Debug|Any CPU
		{EC4EB85C-5BC1-4721-82DD-6E22593ED29D}.Release|Any CPU.ActiveCfg = Release|Any CPU
		{EC4EB85C-5BC1-4721-82DD-6E22593ED29D}.Release|Any CPU.Build.0 = Release|Any CPU
		{07929870-0C5D-445F-A651-DD522FF0242C}.Debug|Any CPU.ActiveCfg = Debug|Any CPU
		{07929870-0C5D-445F-A651-DD522FF0242C}.Debug|Any CPU.Build.0 = Debug|Any CPU
		{07929870-0C5D-445F-A651-DD522FF0242C}.Release|Any CPU.ActiveCfg = Release|Any CPU
		{07929870-0C5D-445F-A651-DD522FF0242C}.Release|Any CPU.Build.0 = Release|Any CPU
	EndGlobalSection
	GlobalSection(SolutionProperties) = preSolution
		HideSolutionNode = FALSE
	EndGlobalSection
	GlobalSection(ExtensibilityGlobals) = postSolution
		SolutionGuid = {46765636-BC9A-4AE4-9816-5184EA4E2C2F}
	EndGlobalSection
EndGlobal
